PODS:
  - data_shared (0.1)
  - domain_shared (0.1)
  - presentation_ios (0.1)
  - usecase_shared (0.1)

DEPENDENCIES:
  - data_shared (from `../content/data-shared`)
  - domain_shared (from `../content/domain-shared`)
  - presentation_ios (from `../content/presentation-ios`)
  - usecase_shared (from `../content/usecase-shared`)

EXTERNAL SOURCES:
  data_shared:
    :path: "../content/data-shared"
  domain_shared:
    :path: "../content/domain-shared"
  presentation_ios:
    :path: "../content/presentation-ios"
  usecase_shared:
    :path: "../content/usecase-shared"

SPEC CHECKSUMS:
  data_shared: b14825cb4c80696fac3395f9fe4b1eaaa607a43a
  domain_shared: d1fbd89ef6993c268a1f61cc578c971015bb3f4f
  presentation_ios: bfa2534b5948c02bd0b0046cb0b613e12edeed5c
  usecase_shared: 5b0357fb8f9b1648c8c846f115f14adf8dbbc024

PODFILE CHECKSUM: fdbe2f8e19782ef82fc0e7a24bfd4b4dd3e557f4

COCOAPODS: 1.10.1
